
Microsoft Visual Studio Solution File, Format Version 12.00
# Visual Studio Version 17
VisualStudioVersion = 17.9.34607.119
MinimumVisualStudioVersion = 10.0.40219.1
Project("{FAE04EC0-301F-11D3-BF4B-00C04F79EFBC}") = "TeamBuilder", "TeamBuilder\TeamBuilder.csproj", "{18B6B8DA-3DC4-44EA-92BB-F679C9F9E8C5}"
EndProject
Global
	GlobalSection(SolutionConfigurationPlatforms) = preSolution
		Debug|Any CPU = Debug|Any CPU
		Release|Any CPU = Release|Any CPU
	EndGlobalSection
	GlobalSection(ProjectConfigurationPlatforms) = postSolution
		{18B6B8DA-3DC4-44EA-92BB-F679C9F9E8C5}.Debug|Any CPU.ActiveCfg = Debug|Any CPU
		{18B6B8DA-3DC4-44EA-92BB-F679C9F9E8C5}.Debug|Any CPU.Build.0 = Debug|Any CPU
		{18B6B8DA-3DC4-44EA-92BB-F679C9F9E8C5}.Release|Any CPU.ActiveCfg = Release|Any CPU
		{18B6B8DA-3DC4-44EA-92BB-F679C9F9E8C5}.Release|Any CPU.Build.0 = Release|Any CPU
	EndGlobalSection
	GlobalSection(SolutionProperties) = preSolution
		HideSolutionNode = FALSE
	EndGlobalSection
	GlobalSection(ExtensibilityGlobals) = postSolution
		SolutionGuid = {BD0179DD-8AB7-4037-9CF0-48F99086DC5E}
	EndGlobalSection
EndGlobal
